
Microsoft Visual Studio Solution File, Format Version 12.00
# Visual Studio 15
VisualStudioVersion = 15.0.28307.489
MinimumVisualStudioVersion = 10.0.40219.1
Project("{FAE04EC0-301F-11D3-BF4B-00C04F79EFBC}") = "Lab 7", "Lab 7\Lab 7.csproj", "{565F76FE-6A50-4766-AD99-902EE8B4F5B4}"
EndProject
Project("{FAE04EC0-301F-11D3-BF4B-00C04F79EFBC}") = "Lab 8", "Lab 8\Lab 8.csproj", "{DDE229D6-2A2A-4FE9-93B4-83C38635F1F6}"
EndProject
Global
	GlobalSection(SolutionConfigurationPlatforms) = preSolution
		Debug|Any CPU = Debug|Any CPU
		Release|Any CPU = Release|Any CPU
	EndGlobalSection
	GlobalSection(ProjectConfigurationPlatforms) = postSolution
		{565F76FE-6A50-4766-AD99-902EE8B4F5B4}.Debug|Any CPU.ActiveCfg = Debug|Any CPU
		{565F76FE-6A50-4766-AD99-902EE8B4F5B4}.Debug|Any CPU.Build.0 = Debug|Any CPU
		{565F76FE-6A50-4766-AD99-902EE8B4F5B4}.Release|Any CPU.ActiveCfg = Release|Any CPU
		{565F76FE-6A50-4766-AD99-902EE8B4F5B4}.Release|Any CPU.Build.0 = Release|Any CPU
		{DDE229D6-2A2A-4FE9-93B4-83C38635F1F6}.Debug|Any CPU.ActiveCfg = Debug|Any CPU
		{DDE229D6-2A2A-4FE9-93B4-83C38635F1F6}.Debug|Any CPU.Build.0 = Debug|Any CPU
		{DDE229D6-2A2A-4FE9-93B4-83C38635F1F6}.Release|Any CPU.ActiveCfg = Release|Any CPU
		{DDE229D6-2A2A-4FE9-93B4-83C38635F1F6}.Release|Any CPU.Build.0 = Release|Any CPU
	EndGlobalSection
	GlobalSection(SolutionProperties) = preSolution
		HideSolutionNode = FALSE
	EndGlobalSection
	GlobalSection(ExtensibilityGlobals) = postSolution
		SolutionGuid = {0025F6DE-00EC-44A3-BD7B-13F31B33D000}
	EndGlobalSection
EndGlobal
